
Microsoft Visual Studio Solution File, Format Version 12.00
# Visual Studio Version 18
VisualStudioVersion = 18.1.11304.174
MinimumVisualStudioVersion = 10.0.40219.1
Project("{FAE04EC0-301F-11D3-BF4B-00C04F79EFBC}") = "Titan.Abstractions", "Titan.Abstractions\Titan.Abstractions.csproj", "{B6E25C4F-F5DA-414E-BE33-05B8B71523C8}"
EndProject
Project("{FAE04EC0-301F-11D3-BF4B-00C04F79EFBC}") = "Titan.Grains", "Titan.Grains\Titan.Grains.csproj", "{FA6F9D00-7111-4EA2-8AD7-8BEF0D3FD8AA}"
EndProject
Project("{FAE04EC0-301F-11D3-BF4B-00C04F79EFBC}") = "Titan.API", "Titan.API\Titan.API.csproj", "{95E7AFB7-9E8B-4A38-8E7B-96D6B754E7F2}"
EndProject
Project("{FAE04EC0-301F-11D3-BF4B-00C04F79EFBC}") = "Titan.IdentityHost", "Titan.IdentityHost\Titan.IdentityHost.csproj", "{85891E80-BD04-47E8-A0D9-BB3CA75B2BD0}"
EndProject
Project("{FAE04EC0-301F-11D3-BF4B-00C04F79EFBC}") = "Titan.InventoryHost", "Titan.InventoryHost\Titan.InventoryHost.csproj", "{6DAB455C-4F34-4721-8759-945101E94C1B}"
EndProject
Project("{FAE04EC0-301F-11D3-BF4B-00C04F79EFBC}") = "Titan.TradingHost", "Titan.TradingHost\Titan.TradingHost.csproj", "{2B577824-1D6A-4F73-8D60-B404E8B16490}"
EndProject
Project("{FAE04EC0-301F-11D3-BF4B-00C04F79EFBC}") = "Titan.Tests", "Titan.Tests\Titan.Tests.csproj", "{0FCB86ED-00BE-487D-8E2D-B2A3C9E0F269}"
EndProject
Project("{FAE04EC0-301F-11D3-BF4B-00C04F79EFBC}") = "Titan.AppHost", "Titan.AppHost\Titan.AppHost.csproj", "{6B0BB1AB-0E6E-447D-8E80-8ED7FA9532E6}"
EndProject
Project("{FAE04EC0-301F-11D3-BF4B-00C04F79EFBC}") = "Titan.ServiceDefaults", "Titan.ServiceDefaults\Titan.ServiceDefaults.csproj", "{77247C8F-00FD-4356-8837-2BE3727A4628}"
EndProject
Project("{FAE04EC0-301F-11D3-BF4B-00C04F79EFBC}") = "Titan.AppHost.Tests", "Titan.AppHost.Tests\Titan.AppHost.Tests.csproj", "{CE1D570C-D411-4BEA-8BE0-22989416DB91}"
EndProject
Project("{FAE04EC0-301F-11D3-BF4B-00C04F79EFBC}") = "Titan.Client", "Titan.Client\Titan.Client.csproj", "{13D3A821-564F-49A1-AC8E-F01B4A6832F3}"
EndProject
Project("{FAE04EC0-301F-11D3-BF4B-00C04F79EFBC}") = "Titan.Dashboard", "Titan.Dashboard\Titan.Dashboard.csproj", "{39C17A1D-A42F-442B-8037-1C0504F5FE1F}"
EndProject
Project("{FAE04EC0-301F-11D3-BF4B-00C04F79EFBC}") = "Titan.LoadTests", "Titan.LoadTests\Titan.LoadTests.csproj", "{6354822B-4BF2-42B2-93A0-BB3EA8EEE364}"
EndProject
Global
	GlobalSection(SolutionConfigurationPlatforms) = preSolution
		Debug|Any CPU = Debug|Any CPU
		Debug|x64 = Debug|x64
		Debug|x86 = Debug|x86
		Release|Any CPU = Release|Any CPU
		Release|x64 = Release|x64
		Release|x86 = Release|x86
	EndGlobalSection
	GlobalSection(ProjectConfigurationPlatforms) = postSolution
		{B6E25C4F-F5DA-414E-BE33-05B8B71523C8}.Debug|Any CPU.ActiveCfg = Debug|Any CPU
		{B6E25C4F-F5DA-414E-BE33-05B8B71523C8}.Debug|Any CPU.Build.0 = Debug|Any CPU
		{B6E25C4F-F5DA-414E-BE33-05B8B71523C8}.Debug|x64.ActiveCfg = Debug|Any CPU
		{B6E25C4F-F5DA-414E-BE33-05B8B71523C8}.Debug|x64.Build.0 = Debug|Any CPU
		{B6E25C4F-F5DA-414E-BE33-05B8B71523C8}.Debug|x86.ActiveCfg = Debug|Any CPU
		{B6E25C4F-F5DA-414E-BE33-05B8B71523C8}.Debug|x86.Build.0 = Debug|Any CPU
		{B6E25C4F-F5DA-414E-BE33-05B8B71523C8}.Release|Any CPU.ActiveCfg = Release|Any CPU
		{B6E25C4F-F5DA-414E-BE33-05B8B71523C8}.Release|Any CPU.Build.0 = Release|Any CPU
		{B6E25C4F-F5DA-414E-BE33-05B8B71523C8}.Release|x64.ActiveCfg = Release|Any CPU
		{B6E25C4F-F5DA-414E-BE33-05B8B71523C8}.Release|x64.Build.0 = Release|Any CPU
		{B6E25C4F-F5DA-414E-BE33-05B8B71523C8}.Release|x86.ActiveCfg = Release|Any CPU
		{B6E25C4F-F5DA-414E-BE33-05B8B71523C8}.Release|x86.Build.0 = Release|Any CPU
		{FA6F9D00-7111-4EA2-8AD7-8BEF0D3FD8AA}.Debug|Any CPU.ActiveCfg = Debug|Any CPU
		{FA6F9D00-7111-4EA2-8AD7-8BEF0D3FD8AA}.Debug|Any CPU.Build.0 = Debug|Any CPU
		{FA6F9D00-7111-4EA2-8AD7-8BEF0D3FD8AA}.Debug|x64.ActiveCfg = Debug|Any CPU
		{FA6F9D00-7111-4EA2-8AD7-8BEF0D3FD8AA}.Debug|x64.Build.0 = Debug|Any CPU
		{FA6F9D00-7111-4EA2-8AD7-8BEF0D3FD8AA}.Debug|x86.ActiveCfg = Debug|Any CPU
		{FA6F9D00-7111-4EA2-8AD7-8BEF0D3FD8AA}.Debug|x86.Build.0 = Debug|Any CPU
		{FA6F9D00-7111-4EA2-8AD7-8BEF0D3FD8AA}.Release|Any CPU.ActiveCfg = Release|Any CPU
		{FA6F9D00-7111-4EA2-8AD7-8BEF0D3FD8AA}.Release|Any CPU.Build.0 = Release|Any CPU
		{FA6F9D00-7111-4EA2-8AD7-8BEF0D3FD8AA}.Release|x64.ActiveCfg = Release|Any CPU
		{FA6F9D00-7111-4EA2-8AD7-8BEF0D3FD8AA}.Release|x64.Build.0 = Release|Any CPU
		{FA6F9D00-7111-4EA2-8AD7-8BEF0D3FD8AA}.Release|x86.ActiveCfg = Release|Any CPU
		{FA6F9D00-7111-4EA2-8AD7-8BEF0D3FD8AA}.Release|x86.Build.0 = Release|Any CPU
		{95E7AFB7-9E8B-4A38-8E7B-96D6B754E7F2}.Debug|Any CPU.ActiveCfg = Debug|Any CPU
		{95E7AFB7-9E8B-4A38-8E7B-96D6B754E7F2}.Debug|Any CPU.Build.0 = Debug|Any CPU
		{95E7AFB7-9E8B-4A38-8E7B-96D6B754E7F2}.Debug|x64.ActiveCfg = Debug|Any CPU
		{95E7AFB7-9E8B-4A38-8E7B-96D6B754E7F2}.Debug|x64.Build.0 = Debug|Any CPU
		{95E7AFB7-9E8B-4A38-8E7B-96D6B754E7F2}.Debug|x86.ActiveCfg = Debug|Any CPU
		{95E7AFB7-9E8B-4A38-8E7B-96D6B754E7F2}.Debug|x86.Build.0 = Debug|Any CPU
		{95E7AFB7-9E8B-4A38-8E7B-96D6B754E7F2}.Release|Any CPU.ActiveCfg = Release|Any CPU
		{95E7AFB7-9E8B-4A38-8E7B-96D6B754E7F2}.Release|Any CPU.Build.0 = Release|Any CPU
		{95E7AFB7-9E8B-4A38-8E7B-96D6B754E7F2}.Release|x64.ActiveCfg = Release|Any CPU
		{95E7AFB7-9E8B-4A38-8E7B-96D6B754E7F2}.Release|x64.Build.0 = Release|Any CPU
		{95E7AFB7-9E8B-4A38-8E7B-96D6B754E7F2}.Release|x86.ActiveCfg = Release|Any CPU
		{95E7AFB7-9E8B-4A38-8E7B-96D6B754E7F2}.Release|x86.Build.0 = Release|Any CPU
		{85891E80-BD04-47E8-A0D9-BB3CA75B2BD0}.Debug|Any CPU.ActiveCfg = Debug|Any CPU
		{85891E80-BD04-47E8-A0D9-BB3CA75B2BD0}.Debug|Any CPU.Build.0 = Debug|Any CPU
		{85891E80-BD04-47E8-A0D9-BB3CA75B2BD0}.Debug|x64.ActiveCfg = Debug|Any CPU
		{85891E80-BD04-47E8-A0D9-BB3CA75B2BD0}.Debug|x64.Build.0 = Debug|Any CPU
		{85891E80-BD04-47E8-A0D9-BB3CA75B2BD0}.Debug|x86.ActiveCfg = Debug|Any CPU
		{85891E80-BD04-47E8-A0D9-BB3CA75B2BD0}.Debug|x86.Build.0 = Debug|Any CPU
		{85891E80-BD04-47E8-A0D9-BB3CA75B2BD0}.Release|Any CPU.ActiveCfg = Release|Any CPU
		{85891E80-BD04-47E8-A0D9-BB3CA75B2BD0}.Release|Any CPU.Build.0 = Release|Any CPU
		{85891E80-BD04-47E8-A0D9-BB3CA75B2BD0}.Release|x64.ActiveCfg = Release|Any CPU
		{85891E80-BD04-47E8-A0D9-BB3CA75B2BD0}.Release|x64.Build.0 = Release|Any CPU
		{85891E80-BD04-47E8-A0D9-BB3CA75B2BD0}.Release|x86.ActiveCfg = Release|Any CPU
		{85891E80-BD04-47E8-A0D9-BB3CA75B2BD0}.Release|x86.Build.0 = Release|Any CPU
		{6DAB455C-4F34-4721-8759-945101E94C1B}.Debug|Any CPU.ActiveCfg = Debug|Any CPU
		{6DAB455C-4F34-4721-8759-945101E94C1B}.Debug|Any CPU.Build.0 = Debug|Any CPU
		{6DAB455C-4F34-4721-8759-945101E94C1B}.Debug|x64.ActiveCfg = Debug|Any CPU
		{6DAB455C-4F34-4721-8759-945101E94C1B}.Debug|x64.Build.0 = Debug|Any CPU
		{6DAB455C-4F34-4721-8759-945101E94C1B}.Debug|x86.ActiveCfg = Debug|Any CPU
		{6DAB455C-4F34-4721-8759-945101E94C1B}.Debug|x86.Build.0 = Debug|Any CPU
		{6DAB455C-4F34-4721-8759-945101E94C1B}.Release|Any CPU.ActiveCfg = Release|Any CPU
		{6DAB455C-4F34-4721-8759-945101E94C1B}.Release|Any CPU.Build.0 = Release|Any CPU
		{6DAB455C-4F34-4721-8759-945101E94C1B}.Release|x64.ActiveCfg = Release|Any CPU
		{6DAB455C-4F34-4721-8759-945101E94C1B}.Release|x64.Build.0 = Release|Any CPU
		{6DAB455C-4F34-4721-8759-945101E94C1B}.Release|x86.ActiveCfg = Release|Any CPU
		{6DAB455C-4F34-4721-8759-945101E94C1B}.Release|x86.Build.0 = Release|Any CPU
		{2B577824-1D6A-4F73-8D60-B404E8B16490}.Debug|Any CPU.ActiveCfg = Debug|Any CPU
		{2B577824-1D6A-4F73-8D60-B404E8B16490}.Debug|Any CPU.Build.0 = Debug|Any CPU
		{2B577824-1D6A-4F73-8D60-B404E8B16490}.Debug|x64.ActiveCfg = Debug|Any CPU
		{2B577824-1D6A-4F73-8D60-B404E8B16490}.Debug|x64.Build.0 = Debug|Any CPU
		{2B577824-1D6A-4F73-8D60-B404E8B16490}.Debug|x86.ActiveCfg = Debug|Any CPU
		{2B577824-1D6A-4F73-8D60-B404E8B16490}.Debug|x86.Build.0 = Debug|Any CPU
		{2B577824-1D6A-4F73-8D60-B404E8B16490}.Release|Any CPU.ActiveCfg = Release|Any CPU
		{2B577824-1D6A-4F73-8D60-B404E8B16490}.Release|Any CPU.Build.0 = Release|Any CPU
		{2B577824-1D6A-4F73-8D60-B404E8B16490}.Release|x64.ActiveCfg = Release|Any CPU
		{2B577824-1D6A-4F73-8D60-B404E8B16490}.Release|x64.Build.0 = Release|Any CPU
		{2B577824-1D6A-4F73-8D60-B404E8B16490}.Release|x86.ActiveCfg = Release|Any CPU
		{2B577824-1D6A-4F73-8D60-B404E8B16490}.Release|x86.Build.0 = Release|Any CPU
		{0FCB86ED-00BE-487D-8E2D-B2A3C9E0F269}.Debug|Any CPU.ActiveCfg = Debug|Any CPU
		{0FCB86ED-00BE-487D-8E2D-B2A3C9E0F269}.Debug|Any CPU.Build.0 = Debug|Any CPU
		{0FCB86ED-00BE-487D-8E2D-B2A3C9E0F269}.Debug|x64.ActiveCfg = Debug|Any CPU
		{0FCB86ED-00BE-487D-8E2D-B2A3C9E0F269}.Debug|x64.Build.0 = Debug|Any CPU
		{0FCB86ED-00BE-487D-8E2D-B2A3C9E0F269}.Debug|x86.ActiveCfg = Debug|Any CPU
		{0FCB86ED-00BE-487D-8E2D-B2A3C9E0F269}.Debug|x86.Build.0 = Debug|Any CPU
		{0FCB86ED-00BE-487D-8E2D-B2A3C9E0F269}.Release|Any CPU.ActiveCfg = Release|Any CPU
		{0FCB86ED-00BE-487D-8E2D-B2A3C9E0F269}.Release|Any CPU.Build.0 = Release|Any CPU
		{0FCB86ED-00BE-487D-8E2D-B2A3C9E0F269}.Release|x64.ActiveCfg = Release|Any CPU
		{0FCB86ED-00BE-487D-8E2D-B2A3C9E0F269}.Release|x64.Build.0 = Release|Any CPU
		{0FCB86ED-00BE-487D-8E2D-B2A3C9E0F269}.Release|x86.ActiveCfg = Release|Any CPU
		{0FCB86ED-00BE-487D-8E2D-B2A3C9E0F269}.Release|x86.Build.0 = Release|Any CPU
		{6B0BB1AB-0E6E-447D-8E80-8ED7FA9532E6}.Debug|Any CPU.ActiveCfg = Debug|Any CPU
		{6B0BB1AB-0E6E-447D-8E80-8ED7FA9532E6}.Debug|Any CPU.Build.0 = Debug|Any CPU
		{6B0BB1AB-0E6E-447D-8E80-8ED7FA9532E6}.Debug|x64.ActiveCfg = Debug|Any CPU
		{6B0BB1AB-0E6E-447D-8E80-8ED7FA9532E6}.Debug|x64.Build.0 = Debug|Any CPU
		{6B0BB1AB-0E6E-447D-8E80-8ED7FA9532E6}.Debug|x86.ActiveCfg = Debug|Any CPU
		{6B0BB1AB-0E6E-447D-8E80-8ED7FA9532E6}.Debug|x86.Build.0 = Debug|Any CPU
		{6B0BB1AB-0E6E-447D-8E80-8ED7FA9532E6}.Release|Any CPU.ActiveCfg = Release|Any CPU
		{6B0BB1AB-0E6E-447D-8E80-8ED7FA9532E6}.Release|Any CPU.Build.0 = Release|Any CPU
		{6B0BB1AB-0E6E-447D-8E80-8ED7FA9532E6}.Release|x64.ActiveCfg = Release|Any CPU
		{6B0BB1AB-0E6E-447D-8E80-8ED7FA9532E6}.Release|x64.Build.0 = Release|Any CPU
		{6B0BB1AB-0E6E-447D-8E80-8ED7FA9532E6}.Release|x86.ActiveCfg = Release|Any CPU
		{6B0BB1AB-0E6E-447D-8E80-8ED7FA9532E6}.Release|x86.Build.0 = Release|Any CPU
		{77247C8F-00FD-4356-8837-2BE3727A4628}.Debug|Any CPU.ActiveCfg = Debug|Any CPU
		{77247C8F-00FD-4356-8837-2BE3727A4628}.Debug|Any CPU.Build.0 = Debug|Any CPU
		{77247C8F-00FD-4356-8837-2BE3727A4628}.Debug|x64.ActiveCfg = Debug|Any CPU
		{77247C8F-00FD-4356-8837-2BE3727A4628}.Debug|x64.Build.0 = Debug|Any CPU
		{77247C8F-00FD-4356-8837-2BE3727A4628}.Debug|x86.ActiveCfg = Debug|Any CPU
		{77247C8F-00FD-4356-8837-2BE3727A4628}.Debug|x86.Build.0 = Debug|Any CPU
		{77247C8F-00FD-4356-8837-2BE3727A4628}.Release|Any CPU.ActiveCfg = Release|Any CPU
		{77247C8F-00FD-4356-8837-2BE3727A4628}.Release|Any CPU.Build.0 = Release|Any CPU
		{77247C8F-00FD-4356-8837-2BE3727A4628}.Release|x64.ActiveCfg = Release|Any CPU
		{77247C8F-00FD-4356-8837-2BE3727A4628}.Release|x64.Build.0 = Release|Any CPU
		{77247C8F-00FD-4356-8837-2BE3727A4628}.Release|x86.ActiveCfg = Release|Any CPU
		{77247C8F-00FD-4356-8837-2BE3727A4628}.Release|x86.Build.0 = Release|Any CPU
		{CE1D570C-D411-4BEA-8BE0-22989416DB91}.Debug|Any CPU.ActiveCfg = Debug|Any CPU
		{CE1D570C-D411-4BEA-8BE0-22989416DB91}.Debug|Any CPU.Build.0 = Debug|Any CPU
		{CE1D570C-D411-4BEA-8BE0-22989416DB91}.Debug|x64.ActiveCfg = Debug|Any CPU
		{CE1D570C-D411-4BEA-8BE0-22989416DB91}.Debug|x64.Build.0 = Debug|Any CPU
		{CE1D570C-D411-4BEA-8BE0-22989416DB91}.Debug|x86.ActiveCfg = Debug|Any CPU
		{CE1D570C-D411-4BEA-8BE0-22989416DB91}.Debug|x86.Build.0 = Debug|Any CPU
		{CE1D570C-D411-4BEA-8BE0-22989416DB91}.Release|Any CPU.ActiveCfg = Release|Any CPU
		{CE1D570C-D411-4BEA-8BE0-22989416DB91}.Release|Any CPU.Build.0 = Release|Any CPU
		{CE1D570C-D411-4BEA-8BE0-22989416DB91}.Release|x64.ActiveCfg = Release|Any CPU
		{CE1D570C-D411-4BEA-8BE0-22989416DB91}.Release|x64.Build.0 = Release|Any CPU
		{CE1D570C-D411-4BEA-8BE0-22989416DB91}.Release|x86.ActiveCfg = Release|Any CPU
		{CE1D570C-D411-4BEA-8BE0-22989416DB91}.Release|x86.Build.0 = Release|Any CPU
		{13D3A821-564F-49A1-AC8E-F01B4A6832F3}.Debug|Any CPU.ActiveCfg = Debug|Any CPU
		{13D3A821-564F-49A1-AC8E-F01B4A6832F3}.Debug|Any CPU.Build.0 = Debug|Any CPU
		{13D3A821-564F-49A1-AC8E-F01B4A6832F3}.Debug|x64.ActiveCfg = Debug|Any CPU
		{13D3A821-564F-49A1-AC8E-F01B4A6832F3}.Debug|x64.Build.0 = Debug|Any CPU
		{13D3A821-564F-49A1-AC8E-F01B4A6832F3}.Debug|x86.ActiveCfg = Debug|Any CPU
		{13D3A821-564F-49A1-AC8E-F01B4A6832F3}.Debug|x86.Build.0 = Debug|Any CPU
		{13D3A821-564F-49A1-AC8E-F01B4A6832F3}.Release|Any CPU.ActiveCfg = Release|Any CPU
		{13D3A821-564F-49A1-AC8E-F01B4A6832F3}.Release|Any CPU.Build.0 = Release|Any CPU
		{13D3A821-564F-49A1-AC8E-F01B4A6832F3}.Release|x64.ActiveCfg = Release|Any CPU
		{13D3A821-564F-49A1-AC8E-F01B4A6832F3}.Release|x64.Build.0 = Release|Any CPU
		{13D3A821-564F-49A1-AC8E-F01B4A6832F3}.Release|x86.ActiveCfg = Release|Any CPU
		{13D3A821-564F-49A1-AC8E-F01B4A6832F3}.Release|x86.Build.0 = Release|Any CPU
		{39C17A1D-A42F-442B-8037-1C0504F5FE1F}.Debug|Any CPU.ActiveCfg = Debug|Any CPU
		{39C17A1D-A42F-442B-8037-1C0504F5FE1F}.Debug|Any CPU.Build.0 = Debug|Any CPU
		{39C17A1D-A42F-442B-8037-1C0504F5FE1F}.Debug|x64.ActiveCfg = Debug|Any CPU
		{39C17A1D-A42F-442B-8037-1C0504F5FE1F}.Debug|x64.Build.0 = Debug|Any CPU
		{39C17A1D-A42F-442B-8037-1C0504F5FE1F}.Debug|x86.ActiveCfg = Debug|Any CPU
		{39C17A1D-A42F-442B-8037-1C0504F5FE1F}.Debug|x86.Build.0 = Debug|Any CPU
		{39C17A1D-A42F-442B-8037-1C0504F5FE1F}.Release|Any CPU.ActiveCfg = Release|Any CPU
		{39C17A1D-A42F-442B-8037-1C0504F5FE1F}.Release|Any CPU.Build.0 = Release|Any CPU
		{39C17A1D-A42F-442B-8037-1C0504F5FE1F}.Release|x64.ActiveCfg = Release|Any CPU
		{39C17A1D-A42F-442B-8037-1C0504F5FE1F}.Release|x64.Build.0 = Release|Any CPU
		{39C17A1D-A42F-442B-8037-1C0504F5FE1F}.Release|x86.ActiveCfg = Release|Any CPU
		{39C17A1D-A42F-442B-8037-1C0504F5FE1F}.Release|x86.Build.0 = Release|Any CPU
		{6354822B-4BF2-42B2-93A0-BB3EA8EEE364}.Debug|Any CPU.ActiveCfg = Debug|Any CPU
		{6354822B-4BF2-42B2-93A0-BB3EA8EEE364}.Debug|Any CPU.Build.0 = Debug|Any CPU
		{6354822B-4BF2-42B2-93A0-BB3EA8EEE364}.Debug|x64.ActiveCfg = Debug|Any CPU
		{6354822B-4BF2-42B2-93A0-BB3EA8EEE364}.Debug|x64.Build.0 = Debug|Any CPU
		{6354822B-4BF2-42B2-93A0-BB3EA8EEE364}.Debug|x86.ActiveCfg = Debug|Any CPU
		{6354822B-4BF2-42B2-93A0-BB3EA8EEE364}.Debug|x86.Build.0 = Debug|Any CPU
		{6354822B-4BF2-42B2-93A0-BB3EA8EEE364}.Release|Any CPU.ActiveCfg = Release|Any CPU
		{6354822B-4BF2-42B2-93A0-BB3EA8EEE364}.Release|Any CPU.Build.0 = Release|Any CPU
		{6354822B-4BF2-42B2-93A0-BB3EA8EEE364}.Release|x64.ActiveCfg = Release|Any CPU
		{6354822B-4BF2-42B2-93A0-BB3EA8EEE364}.Release|x64.Build.0 = Release|Any CPU
		{6354822B-4BF2-42B2-93A0-BB3EA8EEE364}.Release|x86.ActiveCfg = Release|Any CPU
		{6354822B-4BF2-42B2-93A0-BB3EA8EEE364}.Release|x86.Build.0 = Release|Any CPU
	EndGlobalSection
	GlobalSection(SolutionProperties) = preSolution
		HideSolutionNode = FALSE
	EndGlobalSection
EndGlobal
